
Microsoft Visual Studio Solution File, Format Version 12.00
# Visual Studio Version 16
VisualStudioVersion = 16.0.31605.320
MinimumVisualStudioVersion = 10.0.40219.1
Project("{FAE04EC0-301F-11D3-BF4B-00C04F79EFBC}") = "GetIPFromQQ", "GetIPFromQQ\GetIPFromQQ.csproj", "{6372E87A-788E-4014-A87A-AEF4BDB9B2F3}"
EndProject
Global
	GlobalSection(SolutionConfigurationPlatforms) = preSolution
		Debug|Any CPU = Debug|Any CPU
		Release|Any CPU = Release|Any CPU
	EndGlobalSection
	GlobalSection(ProjectConfigurationPlatforms) = postSolution
		{6372E87A-788E-4014-A87A-AEF4BDB9B2F3}.Debug|Any CPU.ActiveCfg = Debug|Any CPU
		{6372E87A-788E-4014-A87A-AEF4BDB9B2F3}.Debug|Any CPU.Build.0 = Debug|Any CPU
		{6372E87A-788E-4014-A87A-AEF4BDB9B2F3}.Release|Any CPU.ActiveCfg = Release|Any CPU
		{6372E87A-788E-4014-A87A-AEF4BDB9B2F3}.Release|Any CPU.Build.0 = Release|Any CPU
	EndGlobalSection
	GlobalSection(SolutionProperties) = preSolution
		HideSolutionNode = FALSE
	EndGlobalSection
	GlobalSection(ExtensibilityGlobals) = postSolution
		SolutionGuid = {94A43F98-488A-45E2-8738-52D8D63680CD}
	EndGlobalSection
EndGlobal
